
Microsoft Visual Studio Solution File, Format Version 12.00
# Visual Studio Version 16
VisualStudioVersion = 16.0.30011.22
MinimumVisualStudioVersion = 10.0.40219.1
Project("{FAE04EC0-301F-11D3-BF4B-00C04F79EFBC}") = "BugTracker", "BugTracker\BugTracker.csproj", "{0A6D50E5-B310-4E3A-AEB9-239F9B283CEB}"
EndProject
Global
	GlobalSection(SolutionConfigurationPlatforms) = preSolution
		Debug|Any CPU = Debug|Any CPU
		Release|Any CPU = Release|Any CPU
	EndGlobalSection
	GlobalSection(ProjectConfigurationPlatforms) = postSolution
		{0A6D50E5-B310-4E3A-AEB9-239F9B283CEB}.Debug|Any CPU.ActiveCfg = Debug|Any CPU
		{0A6D50E5-B310-4E3A-AEB9-239F9B283CEB}.Debug|Any CPU.Build.0 = Debug|Any CPU
		{0A6D50E5-B310-4E3A-AEB9-239F9B283CEB}.Release|Any CPU.ActiveCfg = Release|Any CPU
		{0A6D50E5-B310-4E3A-AEB9-239F9B283CEB}.Release|Any CPU.Build.0 = Release|Any CPU
	EndGlobalSection
	GlobalSection(SolutionProperties) = preSolution
		HideSolutionNode = FALSE
	EndGlobalSection
	GlobalSection(ExtensibilityGlobals) = postSolution
		SolutionGuid = {B31A632F-EFC5-4AEB-A0B7-5DC320B6C4FD}
	EndGlobalSection
EndGlobal
